
Microsoft Visual Studio Solution File, Format Version 12.00
# Visual Studio Version 17
VisualStudioVersion = 17.4.33213.308
MinimumVisualStudioVersion = 10.0.40219.1
Project("{FAE04EC0-301F-11D3-BF4B-00C04F79EFBC}") = "FractionCalc", "FractionCalc.csproj", "{C937E1D8-F757-4F94-9BA4-0330E6B4E33A}"
EndProject
Global
	GlobalSection(SolutionConfigurationPlatforms) = preSolution
		Debug|Any CPU = Debug|Any CPU
		Release|Any CPU = Release|Any CPU
	EndGlobalSection
	GlobalSection(ProjectConfigurationPlatforms) = postSolution
		{C937E1D8-F757-4F94-9BA4-0330E6B4E33A}.Debug|Any CPU.ActiveCfg = Debug|Any CPU
		{C937E1D8-F757-4F94-9BA4-0330E6B4E33A}.Debug|Any CPU.Build.0 = Debug|Any CPU
		{C937E1D8-F757-4F94-9BA4-0330E6B4E33A}.Release|Any CPU.ActiveCfg = Release|Any CPU
		{C937E1D8-F757-4F94-9BA4-0330E6B4E33A}.Release|Any CPU.Build.0 = Release|Any CPU
	EndGlobalSection
	GlobalSection(SolutionProperties) = preSolution
		HideSolutionNode = FALSE
	EndGlobalSection
	GlobalSection(ExtensibilityGlobals) = postSolution
		SolutionGuid = {5EFEB619-27FD-4D23-AABC-D16A2B69C10A}
	EndGlobalSection
EndGlobal
